
Microsoft Visual Studio Solution File, Format Version 12.00
# Visual Studio Version 16
VisualStudioVersion = 16.0.30413.136
MinimumVisualStudioVersion = 10.0.40219.1
Project("{FAE04EC0-301F-11D3-BF4B-00C04F79EFBC}") = "MetehanTopac_SesliSessizHarf", "MetehanTopac_SesliSessizHarf\MetehanTopac_SesliSessizHarf.csproj", "{74F9310A-5ED9-4E92-9F28-A15A2DC2EC74}"
EndProject
Global
	GlobalSection(SolutionConfigurationPlatforms) = preSolution
		Debug|Any CPU = Debug|Any CPU
		Release|Any CPU = Release|Any CPU
	EndGlobalSection
	GlobalSection(ProjectConfigurationPlatforms) = postSolution
		{74F9310A-5ED9-4E92-9F28-A15A2DC2EC74}.Debug|Any CPU.ActiveCfg = Debug|Any CPU
		{74F9310A-5ED9-4E92-9F28-A15A2DC2EC74}.Debug|Any CPU.Build.0 = Debug|Any CPU
		{74F9310A-5ED9-4E92-9F28-A15A2DC2EC74}.Release|Any CPU.ActiveCfg = Release|Any CPU
		{74F9310A-5ED9-4E92-9F28-A15A2DC2EC74}.Release|Any CPU.Build.0 = Release|Any CPU
	EndGlobalSection
	GlobalSection(SolutionProperties) = preSolution
		HideSolutionNode = FALSE
	EndGlobalSection
	GlobalSection(ExtensibilityGlobals) = postSolution
		SolutionGuid = {A7B32148-216B-4D0F-AC40-D7E8FAB948F3}
	EndGlobalSection
EndGlobal
